
Microsoft Visual Studio Solution File, Format Version 12.00
# Visual Studio 15
VisualStudioVersion = 15.0.28010.2026
MinimumVisualStudioVersion = 10.0.40219.1
Project("{FAE04EC0-301F-11D3-BF4B-00C04F79EFBC}") = "ServerStudy", "ServerStudy.csproj", "{C724DEB7-F791-467C-B192-E61F9EBC7014}"
EndProject
Global
	GlobalSection(SolutionConfigurationPlatforms) = preSolution
		Debug|Any CPU = Debug|Any CPU
		Release|Any CPU = Release|Any CPU
	EndGlobalSection
	GlobalSection(ProjectConfigurationPlatforms) = postSolution
		{C724DEB7-F791-467C-B192-E61F9EBC7014}.Debug|Any CPU.ActiveCfg = Debug|Any CPU
		{C724DEB7-F791-467C-B192-E61F9EBC7014}.Debug|Any CPU.Build.0 = Debug|Any CPU
		{C724DEB7-F791-467C-B192-E61F9EBC7014}.Release|Any CPU.ActiveCfg = Release|Any CPU
		{C724DEB7-F791-467C-B192-E61F9EBC7014}.Release|Any CPU.Build.0 = Release|Any CPU
	EndGlobalSection
	GlobalSection(SolutionProperties) = preSolution
		HideSolutionNode = FALSE
	EndGlobalSection
	GlobalSection(ExtensibilityGlobals) = postSolution
		SolutionGuid = {C97DE9BE-7927-4314-B57A-C475F953B4B3}
	EndGlobalSection
EndGlobal
